
Microsoft Visual Studio Solution File, Format Version 12.00
# Visual Studio 15
VisualStudioVersion = 15.0.27004.2002
MinimumVisualStudioVersion = 10.0.40219.1
Project("{FAE04EC0-301F-11D3-BF4B-00C04F79EFBC}") = "Closest Palindrome", "Closest Palindrome\Closest Palindrome.csproj", "{C1636972-C556-4096-9C19-014417D4A9E0}"
EndProject
Project("{FAE04EC0-301F-11D3-BF4B-00C04F79EFBC}") = "CountSunArraysWithSumLessThanK", "CountSunArraysWithSumLessThanK\CountSunArraysWithSumLessThanK\CountSunArraysWithSumLessThanK.csproj", "{2BE5AAEC-9C64-46BB-B601-4F9C253119B0}"
EndProject
Project("{FAE04EC0-301F-11D3-BF4B-00C04F79EFBC}") = "PhoneDirectorySearch", "PhoneDirectorySearch\PhoneDirectorySearch.csproj", "{CA2559F1-1B4B-4442-8CC8-296FFBA58446}"
EndProject
Global
	GlobalSection(SolutionConfigurationPlatforms) = preSolution
		Debug|Any CPU = Debug|Any CPU
		Release|Any CPU = Release|Any CPU
	EndGlobalSection
	GlobalSection(ProjectConfigurationPlatforms) = postSolution
		{C1636972-C556-4096-9C19-014417D4A9E0}.Debug|Any CPU.ActiveCfg = Debug|Any CPU
		{C1636972-C556-4096-9C19-014417D4A9E0}.Debug|Any CPU.Build.0 = Debug|Any CPU
		{C1636972-C556-4096-9C19-014417D4A9E0}.Release|Any CPU.ActiveCfg = Release|Any CPU
		{C1636972-C556-4096-9C19-014417D4A9E0}.Release|Any CPU.Build.0 = Release|Any CPU
		{2BE5AAEC-9C64-46BB-B601-4F9C253119B0}.Debug|Any CPU.ActiveCfg = Debug|Any CPU
		{2BE5AAEC-9C64-46BB-B601-4F9C253119B0}.Debug|Any CPU.Build.0 = Debug|Any CPU
		{2BE5AAEC-9C64-46BB-B601-4F9C253119B0}.Release|Any CPU.ActiveCfg = Release|Any CPU
		{2BE5AAEC-9C64-46BB-B601-4F9C253119B0}.Release|Any CPU.Build.0 = Release|Any CPU
		{CA2559F1-1B4B-4442-8CC8-296FFBA58446}.Debug|Any CPU.ActiveCfg = Debug|Any CPU
		{CA2559F1-1B4B-4442-8CC8-296FFBA58446}.Debug|Any CPU.Build.0 = Debug|Any CPU
		{CA2559F1-1B4B-4442-8CC8-296FFBA58446}.Release|Any CPU.ActiveCfg = Release|Any CPU
		{CA2559F1-1B4B-4442-8CC8-296FFBA58446}.Release|Any CPU.Build.0 = Release|Any CPU
	EndGlobalSection
	GlobalSection(SolutionProperties) = preSolution
		HideSolutionNode = FALSE
	EndGlobalSection
	GlobalSection(ExtensibilityGlobals) = postSolution
		SolutionGuid = {61A2F388-26CC-47B3-9A27-343743262401}
	EndGlobalSection
EndGlobal
